
Microsoft Visual Studio Solution File, Format Version 12.00
# Visual Studio 14
VisualStudioVersion = 14.0.25123.0
MinimumVisualStudioVersion = 10.0.40219.1
Project("{FAE04EC0-301F-11D3-BF4B-00C04F79EFBC}") = "WpfTraining6", "WpfTraining6\WpfTraining6.csproj", "{C1E74F45-83B0-44FA-B66B-C1B5F222DB07}"
EndProject
Global
	GlobalSection(SolutionConfigurationPlatforms) = preSolution
		Debug|Any CPU = Debug|Any CPU
		Release|Any CPU = Release|Any CPU
	EndGlobalSection
	GlobalSection(ProjectConfigurationPlatforms) = postSolution
		{C1E74F45-83B0-44FA-B66B-C1B5F222DB07}.Debug|Any CPU.ActiveCfg = Debug|Any CPU
		{C1E74F45-83B0-44FA-B66B-C1B5F222DB07}.Debug|Any CPU.Build.0 = Debug|Any CPU
		{C1E74F45-83B0-44FA-B66B-C1B5F222DB07}.Release|Any CPU.ActiveCfg = Release|Any CPU
		{C1E74F45-83B0-44FA-B66B-C1B5F222DB07}.Release|Any CPU.Build.0 = Release|Any CPU
	EndGlobalSection
	GlobalSection(SolutionProperties) = preSolution
		HideSolutionNode = FALSE
	EndGlobalSection
EndGlobal
